// !$*UTF8*$!
{
	archiveVersion = 1;
	classes = {
	};
	objectVersion = 55;
	objects = {

/* Begin PBXBuildFile section */
		58AB7B612AFAEC1300C72715 /* AppDelegate.swift in Sources */ = {isa = PBXBuildFile; fileRef = 58AB7B602AFAEC1300C72715 /* AppDelegate.swift */; };
		58AB7B632AFAEC1300C72715 /* SceneDelegate.swift in Sources */ = {isa = PBXBuildFile; fileRef = 58AB7B622AFAEC1300C72715 /* SceneDelegate.swift */; };
		58AB7B652AFAEC1300C72715 /* iniciarSesionViewController.swift in Sources */ = {isa = PBXBuildFile; fileRef = 58AB7B642AFAEC1300C72715 /* iniciarSesionViewController.swift */; };
		58AB7B682AFAEC1300C72715 /* Main.storyboard in Resources */ = {isa = PBXBuildFile; fileRef = 58AB7B662AFAEC1300C72715 /* Main.storyboard */; };
		58AB7B6A2AFAEC1C00C72715 /* Assets.xcassets in Resources */ = {isa = PBXBuildFile; fileRef = 58AB7B692AFAEC1C00C72715 /* Assets.xcassets */; };
		58AB7B6D2AFAEC1C00C72715 /* LaunchScreen.storyboard in Resources */ = {isa = PBXBuildFile; fileRef = 58AB7B6B2AFAEC1C00C72715 /* LaunchScreen.storyboard */; };
		58AB7B752AFAEFC200C72715 /* GoogleService-Info.plist in Resources */ = {isa = PBXBuildFile; fileRef = 58AB7B742AFAEFC200C72715 /* GoogleService-Info.plist */; };
		58AB7B782AFAF2B300C72715 /* FirebaseAnalytics in Frameworks */ = {isa = PBXBuildFile; productRef = 58AB7B772AFAF2B300C72715 /* FirebaseAnalytics */; };
		58AB7B7A2AFAF2B300C72715 /* FirebaseAnalyticsSwift in Frameworks */ = {isa = PBXBuildFile; productRef = 58AB7B792AFAF2B300C72715 /* FirebaseAnalyticsSwift */; };
		58AB7B7C2AFAF2B300C72715 /* FirebaseAppCheck in Frameworks */ = {isa = PBXBuildFile; productRef = 58AB7B7B2AFAF2B300C72715 /* FirebaseAppCheck */; };
		58AB7B812AFAFEFC00C72715 /* FirebaseAuth in Frameworks */ = {isa = PBXBuildFile; productRef = 58AB7B802AFAFEFC00C72715 /* FirebaseAuth */; };
/* End PBXBuildFile section */

/* Begin PBXFileReference section */
		58AB7B5D2AFAEC1300C72715 /* MesccoSnapchat.app */ = {isa = PBXFileReference; explicitFileType = wrapper.application; includeInIndex = 0; path = MesccoSnapchat.app; sourceTree = BUILT_PRODUCTS_DIR; };
		58AB7B602AFAEC1300C72715 /* AppDelegate.swift */ = {isa = PBXFileReference; lastKnownFileType = sourcecode.swift; path = AppDelegate.swift; sourceTree = "<group>"; };
		58AB7B622AFAEC1300C72715 /* SceneDelegate.swift */ = {isa = PBXFileReference; lastKnownFileType = sourcecode.swift; path = SceneDelegate.swift; sourceTree = "<group>"; };
		58AB7B642AFAEC1300C72715 /* iniciarSesionViewController.swift */ = {isa = PBXFileReference; lastKnownFileType = sourcecode.swift; path = iniciarSesionViewController.swift; sourceTree = "<group>"; };
		58AB7B672AFAEC1300C72715 /* Base */ = {isa = PBXFileReference; lastKnownFileType = file.storyboard; name = Base; path = Base.lproj/Main.storyboard; sourceTree = "<group>"; };
		58AB7B692AFAEC1C00C72715 /* Assets.xcassets */ = {isa = PBXFileReference; lastKnownFileType = folder.assetcatalog; path = Assets.xcassets; sourceTree = "<group>"; };
		58AB7B6C2AFAEC1C00C72715 /* Base */ = {isa = PBXFileReference; lastKnownFileType = file.storyboard; name = Base; path = Base.lproj/LaunchScreen.storyboard; sourceTree = "<group>"; };
		58AB7B6E2AFAEC1C00C72715 /* Info.plist */ = {isa = PBXFileReference; lastKnownFileType = text.plist.xml; path = Info.plist; sourceTree = "<group>"; };
		58AB7B742AFAEFC200C72715 /* GoogleService-Info.plist */ = {isa = PBXFileReference; fileEncoding = 4; lastKnownFileType = text.plist.xml; path = "GoogleService-Info.plist"; sourceTree = "<group>"; };
/* End PBXFileReference section */

/* Begin PBXFrameworksBuildPhase section */
		58AB7B5A2AFAEC1300C72715 /* Frameworks */ = {
			isa = PBXFrameworksBuildPhase;
			buildActionMask = 2147483647;
			files = (
				58AB7B7A2AFAF2B300C72715 /* FirebaseAnalyticsSwift in Frameworks */,
				58AB7B7C2AFAF2B300C72715 /* FirebaseAppCheck in Frameworks */,
				58AB7B782AFAF2B300C72715 /* FirebaseAnalytics in Frameworks */,
				58AB7B812AFAFEFC00C72715 /* FirebaseAuth in Frameworks */,
			);
			runOnlyForDeploymentPostprocessing = 0;
		};
/* End PBXFrameworksBuildPhase section */

/* Begin PBXGroup section */
		58AB7B542AFAEC1300C72715 = {
			isa = PBXGroup;
			children = (
				58AB7B5F2AFAEC1300C72715 /* MesccoSnapchat */,
				58AB7B5E2AFAEC1300C72715 /* Products */,
				58AB7B7F2AFAFEFC00C72715 /* Frameworks */,
			);
			sourceTree = "<group>";
		};
		58AB7B5E2AFAEC1300C72715 /* Products */ = {
			isa = PBXGroup;
			children = (
				58AB7B5D2AFAEC1300C72715 /* MesccoSnapchat.app */,
			);
			name = Products;
			sourceTree = "<group>";
		};
		58AB7B5F2AFAEC1300C72715 /* MesccoSnapchat */ = {
			isa = PBXGroup;
			children = (
				58AB7B602AFAEC1300C72715 /* AppDelegate.swift */,
				58AB7B622AFAEC1300C72715 /* SceneDelegate.swift */,
				58AB7B642AFAEC1300C72715 /* iniciarSesionViewController.swift */,
				58AB7B662AFAEC1300C72715 /* Main.storyboard */,
				58AB7B692AFAEC1C00C72715 /* Assets.xcassets */,
				58AB7B6B2AFAEC1C00C72715 /* LaunchScreen.storyboard */,
				58AB7B6E2AFAEC1C00C72715 /* Info.plist */,
				58AB7B742AFAEFC200C72715 /* GoogleService-Info.plist */,
			);
			path = MesccoSnapchat;
			sourceTree = "<group>";
		};
		58AB7B7F2AFAFEFC00C72715 /* Frameworks */ = {
			isa = PBXGroup;
			children = (
			);
			name = Frameworks;
			sourceTree = "<group>";
		};
/* End PBXGroup section */

/* Begin PBXNativeTarget section */
		58AB7B5C2AFAEC1300C72715 /* MesccoSnapchat */ = {
			isa = PBXNativeTarget;
			buildConfigurationList = 58AB7B712AFAEC1C00C72715 /* Build configuration list for PBXNativeTarget "MesccoSnapchat" */;
			buildPhases = (
				58AB7B592AFAEC1300C72715 /* Sources */,
				58AB7B5A2AFAEC1300C72715 /* Frameworks */,
				58AB7B5B2AFAEC1300C72715 /* Resources */,
			);
			buildRules = (
			);
			dependencies = (
			);
			name = MesccoSnapchat;
			packageProductDependencies = (
				58AB7B772AFAF2B300C72715 /* FirebaseAnalytics */,
				58AB7B792AFAF2B300C72715 /* FirebaseAnalyticsSwift */,
				58AB7B7B2AFAF2B300C72715 /* FirebaseAppCheck */,
				58AB7B802AFAFEFC00C72715 /* FirebaseAuth */,
			);
			productName = MesccoSnapchat;
			productReference = 58AB7B5D2AFAEC1300C72715 /* MesccoSnapchat.app */;
			productType = "com.apple.product-type.application";
		};
/* End PBXNativeTarget section */

/* Begin PBXProject section */
		58AB7B552AFAEC1300C72715 /* Project object */ = {
			isa = PBXProject;
			attributes = {
				BuildIndependentTargetsInParallel = 1;
				LastSwiftUpdateCheck = 1340;
				LastUpgradeCheck = 1340;
				TargetAttributes = {
					58AB7B5C2AFAEC1300C72715 = {
						CreatedOnToolsVersion = 13.4.1;
					};
				};
			};
			buildConfigurationList = 58AB7B582AFAEC1300C72715 /* Build configuration list for PBXProject "MesccoSnapchat" */;
			compatibilityVersion = "Xcode 13.0";
			developmentRegion = en;
			hasScannedForEncodings = 0;
			knownRegions = (
				en,
				Base,
			);
			mainGroup = 58AB7B542AFAEC1300C72715;
			packageReferences = (
				58AB7B762AFAF2B300C72715 /* XCRemoteSwiftPackageReference "firebase-ios-sdk" */,
			);
			productRefGroup = 58AB7B5E2AFAEC1300C72715 /* Products */;
			projectDirPath = "";
			projectRoot = "";
			targets = (
				58AB7B5C2AFAEC1300C72715 /* MesccoSnapchat */,
			);
		};
/* End PBXProject section */

/* Begin PBXResourcesBuildPhase section */
		58AB7B5B2AFAEC1300C72715 /* Resources */ = {
			isa = PBXResourcesBuildPhase;
			buildActionMask = 2147483647;
			files = (
				58AB7B6D2AFAEC1C00C72715 /* LaunchScreen.storyboard in Resources */,
				58AB7B752AFAEFC200C72715 /* GoogleService-Info.plist in Resources */,
				58AB7B6A2AFAEC1C00C72715 /* Assets.xcassets in Resources */,
				58AB7B682AFAEC1300C72715 /* Main.storyboard in Resources */,
			);
			runOnlyForDeploymentPostprocessing = 0;
		};
/* End PBXResourcesBuildPhase section */

/* Begin PBXSourcesBuildPhase section */
		58AB7B592AFAEC1300C72715 /* Sources */ = {
			isa = PBXSourcesBuildPhase;
			buildActionMask = 2147483647;
			files = (
				58AB7B652AFAEC1300C72715 /* iniciarSesionViewController.swift in Sources */,
				58AB7B612AFAEC1300C72715 /* AppDelegate.swift in Sources */,
				58AB7B632AFAEC1300C72715 /* SceneDelegate.swift in Sources */,
			);
			runOnlyForDeploymentPostprocessing = 0;
		};
/* End PBXSourcesBuildPhase section */

/* Begin PBXVariantGroup section */
		58AB7B662AFAEC1300C72715 /* Main.storyboard */ = {
			isa = PBXVariantGroup;
			children = (
				58AB7B672AFAEC1300C72715 /* Base */,
			);
			name = Main.storyboard;
			sourceTree = "<group>";
		};
		58AB7B6B2AFAEC1C00C72715 /* LaunchScreen.storyboard */ = {
			isa = PBXVariantGroup;
			children = (
				58AB7B6C2AFAEC1C00C72715 /* Base */,
			);
			name = LaunchScreen.storyboard;
			sourceTree = "<group>";
		};
/* End PBXVariantGroup section */

/* Begin XCBuildConfiguration section */
		58AB7B6F2AFAEC1C00C72715 /* Debug */ = {
			isa = XCBuildConfiguration;
			buildSettings = {
				ALWAYS_SEARCH_USER_PATHS = NO;
				CLANG_ANALYZER_NONNULL = YES;
				CLANG_ANALYZER_NUMBER_OBJECT_CONVERSION = YES_AGGRESSIVE;
				CLANG_CXX_LANGUAGE_STANDARD = "gnu++17";
				CLANG_ENABLE_MODULES = YES;
				CLANG_ENABLE_OBJC_ARC = YES;
				CLANG_ENABLE_OBJC_WEAK = YES;
				CLANG_WARN_BLOCK_CAPTURE_AUTORELEASING = YES;
				CLANG_WARN_BOOL_CONVERSION = YES;
				CLANG_WARN_COMMA = YES;
				CLANG_WARN_CONSTANT_CONVERSION = YES;
				CLANG_WARN_DEPRECATED_OBJC_IMPLEMENTATIONS = YES;
				CLANG_WARN_DIRECT_OBJC_ISA_USAGE = YES_ERROR;
				CLANG_WARN_DOCUMENTATION_COMMENTS = YES;
				CLANG_WARN_EMPTY_BODY = YES;
				CLANG_WARN_ENUM_CONVERSION = YES;
				CLANG_WARN_INFINITE_RECURSION = YES;
				CLANG_WARN_INT_CONVERSION = YES;
				CLANG_WARN_NON_LITERAL_NULL_CONVERSION = YES;
				CLANG_WARN_OBJC_IMPLICIT_RETAIN_SELF = YES;
				CLANG_WARN_OBJC_LITERAL_CONVERSION = YES;
				CLANG_WARN_OBJC_ROOT_CLASS = YES_ERROR;
				CLANG_WARN_QUOTED_INCLUDE_IN_FRAMEWORK_HEADER = YES;
				CLANG_WARN_RANGE_LOOP_ANALYSIS = YES;
				CLANG_WARN_STRICT_PROTOTYPES = YES;
				CLANG_WARN_SUSPICIOUS_MOVE = YES;
				CLANG_WARN_UNGUARDED_AVAILABILITY = YES_AGGRESSIVE;
				CLANG_WARN_UNREACHABLE_CODE = YES;
				CLANG_WARN__DUPLICATE_METHOD_MATCH = YES;
				COPY_PHASE_STRIP = NO;
				DEBUG_INFORMATION_FORMAT = dwarf;
				ENABLE_STRICT_OBJC_MSGSEND = YES;
				ENABLE_TESTABILITY = YES;
				GCC_C_LANGUAGE_STANDARD = gnu11;
				GCC_DYNAMIC_NO_PIC = NO;
				GCC_NO_COMMON_BLOCKS = YES;
				GCC_OPTIMIZATION_LEVEL = 0;
				GCC_PREPROCESSOR_DEFINITIONS = (
					"DEBUG=1",
					"$(inherited)",
				);
				GCC_WARN_64_TO_32_BIT_CONVERSION = YES;
				GCC_WARN_ABOUT_RETURN_TYPE = YES_ERROR;
				GCC_WARN_UNDECLARED_SELECTOR = YES;
				GCC_WARN_UNINITIALIZED_AUTOS = YES_AGGRESSIVE;
				GCC_WARN_UNUSED_FUNCTION = YES;
				GCC_WARN_UNUSED_VARIABLE = YES;
				IPHONEOS_DEPLOYMENT_TARGET = 15.5;
				MTL_ENABLE_DEBUG_INFO = INCLUDE_SOURCE;
				MTL_FAST_MATH = YES;
				ONLY_ACTIVE_ARCH = YES;
				SDKROOT = iphoneos;
				SWIFT_ACTIVE_COMPILATION_CONDITIONS = DEBUG;
				SWIFT_OPTIMIZATION_LEVEL = "-Onone";
			};
			name = Debug;
		};
		58AB7B702AFAEC1C00C72715 /* Release */ = {
			isa = XCBuildConfiguration;
			buildSettings = {
				ALWAYS_SEARCH_USER_PATHS = NO;
				CLANG_ANALYZER_NONNULL = YES;
				CLANG_ANALYZER_NUMBER_OBJECT_CONVERSION = YES_AGGRESSIVE;
				CLANG_CXX_LANGUAGE_STANDARD = "gnu++17";
				CLANG_ENABLE_MODULES = YES;
				CLANG_ENABLE_OBJC_ARC = YES;
				CLANG_ENABLE_OBJC_WEAK = YES;
				CLANG_WARN_BLOCK_CAPTURE_AUTORELEASING = YES;
				CLANG_WARN_BOOL_CONVERSION = YES;
				CLANG_WARN_COMMA = YES;
				CLANG_WARN_CONSTANT_CONVERSION = YES;
				CLANG_WARN_DEPRECATED_OBJC_IMPLEMENTATIONS = YES;
				CLANG_WARN_DIRECT_OBJC_ISA_USAGE = YES_ERROR;
				CLANG_WARN_DOCUMENTATION_COMMENTS = YES;
				CLANG_WARN_EMPTY_BODY = YES;
				CLANG_WARN_ENUM_CONVERSION = YES;
				CLANG_WARN_INFINITE_RECURSION = YES;
				CLANG_WARN_INT_CONVERSION = YES;
				CLANG_WARN_NON_LITERAL_NULL_CONVERSION = YES;
				CLANG_WARN_OBJC_IMPLICIT_RETAIN_SELF = YES;
				CLANG_WARN_OBJC_LITERAL_CONVERSION = YES;
				CLANG_WARN_OBJC_ROOT_CLASS = YES_ERROR;
				CLANG_WARN_QUOTED_INCLUDE_IN_FRAMEWORK_HEADER = YES;
				CLANG_WARN_RANGE_LOOP_ANALYSIS = YES;
				CLANG_WARN_STRICT_PROTOTYPES = YES;
				CLANG_WARN_SUSPICIOUS_MOVE = YES;
				CLANG_WARN_UNGUARDED_AVAILABILITY = YES_AGGRESSIVE;
				CLANG_WARN_UNREACHABLE_CODE = YES;
				CLANG_WARN__DUPLICATE_METHOD_MATCH = YES;
				COPY_PHASE_STRIP = NO;
				DEBUG_INFORMATION_FORMAT = "dwarf-with-dsym";
				ENABLE_NS_ASSERTIONS = NO;
				ENABLE_STRICT_OBJC_MSGSEND = YES;
				GCC_C_LANGUAGE_STANDARD = gnu11;
				GCC_NO_COMMON_BLOCKS = YES;
				GCC_WARN_64_TO_32_BIT_CONVERSION = YES;
				GCC_WARN_ABOUT_RETURN_TYPE = YES_ERROR;
				GCC_WARN_UNDECLARED_SELECTOR = YES;
				GCC_WARN_UNINITIALIZED_AUTOS = YES_AGGRESSIVE;
				GCC_WARN_UNUSED_FUNCTION = YES;
				GCC_WARN_UNUSED_VARIABLE = YES;
				IPHONEOS_DEPLOYMENT_TARGET = 15.5;
				MTL_ENABLE_DEBUG_INFO = NO;
				MTL_FAST_MATH = YES;
				SDKROOT = iphoneos;
				SWIFT_COMPILATION_MODE = wholemodule;
				SWIFT_OPTIMIZATION_LEVEL = "-O";
				VALIDATE_PRODUCT = YES;
			};
			name = Release;
		};
		58AB7B722AFAEC1C00C72715 /* Debug */ = {
			isa = XCBuildConfiguration;
			buildSettings = {
				ASSETCATALOG_COMPILER_APPICON_NAME = AppIcon;
				ASSETCATALOG_COMPILER_GLOBAL_ACCENT_COLOR_NAME = AccentColor;
				CODE_SIGN_STYLE = Automatic;
				CURRENT_PROJECT_VERSION = 1;
				GENERATE_INFOPLIST_FILE = YES;
				INFOPLIST_FILE = MesccoSnapchat/Info.plist;
				INFOPLIST_KEY_UIApplicationSupportsIndirectInputEvents = YES;
				INFOPLIST_KEY_UILaunchStoryboardName = LaunchScreen;
				INFOPLIST_KEY_UIMainStoryboardFile = Main;
				INFOPLIST_KEY_UISupportedInterfaceOrientations_iPad = "UIInterfaceOrientationPortrait UIInterfaceOrientationPortraitUpsideDown UIInterfaceOrientationLandscapeLeft UIInterfaceOrientationLandscapeRight";
				INFOPLIST_KEY_UISupportedInterfaceOrientations_iPhone = "UIInterfaceOrientationPortrait UIInterfaceOrientationLandscapeLeft UIInterfaceOrientationLandscapeRight";
				LD_RUNPATH_SEARCH_PATHS = (
					"$(inherited)",
					"@executable_path/Frameworks",
				);
				MARKETING_VERSION = 1.0;
				PRODUCT_BUNDLE_IDENTIFIER = com.UsodeControlesMescco.MesccoSnapchat;
				PRODUCT_NAME = "$(TARGET_NAME)";
				SWIFT_EMIT_LOC_STRINGS = YES;
				SWIFT_VERSION = 5.0;
				TARGETED_DEVICE_FAMILY = "1,2";
			};
			name = Debug;
		};
		58AB7B732AFAEC1C00C72715 /* Release */ = {
			isa = XCBuildConfiguration;
			buildSettings = {
				ASSETCATALOG_COMPILER_APPICON_NAME = AppIcon;
				ASSETCATALOG_COMPILER_GLOBAL_ACCENT_COLOR_NAME = AccentColor;
				CODE_SIGN_STYLE = Automatic;
				CURRENT_PROJECT_VERSION = 1;
				GENERATE_INFOPLIST_FILE = YES;
				INFOPLIST_FILE = MesccoSnapchat/Info.plist;
				INFOPLIST_KEY_UIApplicationSupportsIndirectInputEvents = YES;
				INFOPLIST_KEY_UILaunchStoryboardName = LaunchScreen;
				INFOPLIST_KEY_UIMainStoryboardFile = Main;
				INFOPLIST_KEY_UISupportedInterfaceOrientations_iPad = "UIInterfaceOrientationPortrait UIInterfaceOrientationPortraitUpsideDown UIInterfaceOrientationLandscapeLeft UIInterfaceOrientationLandscapeRight";
				INFOPLIST_KEY_UISupportedInterfaceOrientations_iPhone = "UIInterfaceOrientationPortrait UIInterfaceOrientationLandscapeLeft UIInterfaceOrientationLandscapeRight";
				LD_RUNPATH_SEARCH_PATHS = (
					"$(inherited)",
					"@executable_path/Frameworks",
				);
				MARKETING_VERSION = 1.0;
				PRODUCT_BUNDLE_IDENTIFIER = com.UsodeControlesMescco.MesccoSnapchat;
				PRODUCT_NAME = "$(TARGET_NAME)";
				SWIFT_EMIT_LOC_STRINGS = YES;
				SWIFT_VERSION = 5.0;
				TARGETED_DEVICE_FAMILY = "1,2";
			};
			name = Release;
		};
/* End XCBuildConfiguration section */

/* Begin XCConfigurationList section */
		58AB7B582AFAEC1300C72715 /* Build configuration list for PBXProject "MesccoSnapchat" */ = {
			isa = XCConfigurationList;
			buildConfigurations = (
				58AB7B6F2AFAEC1C00C72715 /* Debug */,
				58AB7B702AFAEC1C00C72715 /* Release */,
			);
			defaultConfigurationIsVisible = 0;
			defaultConfigurationName = Release;
		};
		58AB7B712AFAEC1C00C72715 /* Build configuration list for PBXNativeTarget "MesccoSnapchat" */ = {
			isa = XCConfigurationList;
			buildConfigurations = (
				58AB7B722AFAEC1C00C72715 /* Debug */,
				58AB7B732AFAEC1C00C72715 /* Release */,
			);
			defaultConfigurationIsVisible = 0;
			defaultConfigurationName = Release;
		};
/* End XCConfigurationList section */

/* Begin XCRemoteSwiftPackageReference section */
		58AB7B762AFAF2B300C72715 /* XCRemoteSwiftPackageReference "firebase-ios-sdk" */ = {
			isa = XCRemoteSwiftPackageReference;
			repositoryURL = "https://github.com/firebase/firebase-ios-sdk";
			requirement = {
				kind = upToNextMajorVersion;
				minimumVersion = 9.0.0;
			};
		};
/* End XCRemoteSwiftPackageReference section */

/* Begin XCSwiftPackageProductDependency section */
		58AB7B772AFAF2B300C72715 /* FirebaseAnalytics */ = {
			isa = XCSwiftPackageProductDependency;
			package = 58AB7B762AFAF2B300C72715 /* XCRemoteSwiftPackageReference "firebase-ios-sdk" */;
			productName = FirebaseAnalytics;
		};
		58AB7B792AFAF2B300C72715 /* FirebaseAnalyticsSwift */ = {
			isa = XCSwiftPackageProductDependency;
			package = 58AB7B762AFAF2B300C72715 /* XCRemoteSwiftPackageReference "firebase-ios-sdk" */;
			productName = FirebaseAnalyticsSwift;
		};
		58AB7B7B2AFAF2B300C72715 /* FirebaseAppCheck */ = {
			isa = XCSwiftPackageProductDependency;
			package = 58AB7B762AFAF2B300C72715 /* XCRemoteSwiftPackageReference "firebase-ios-sdk" */;
			productName = FirebaseAppCheck;
		};
		58AB7B802AFAFEFC00C72715 /* FirebaseAuth */ = {
			isa = XCSwiftPackageProductDependency;
			package = 58AB7B762AFAF2B300C72715 /* XCRemoteSwiftPackageReference "firebase-ios-sdk" */;
			productName = FirebaseAuth;
		};
/* End XCSwiftPackageProductDependency section */
	};
	rootObject = 58AB7B552AFAEC1300C72715 /* Project object */;
}
